
Microsoft Visual Studio Solution File, Format Version 12.00
# Visual Studio Version 16
VisualStudioVersion = 16.0.31515.178
MinimumVisualStudioVersion = 10.0.40219.1
Project("{9A19103F-16F7-4668-BE54-9A1E7A4F7556}") = "ProgrammersBlog.Shared", "ProgrammersBlog.Shared\ProgrammersBlog.Shared.csproj", "{9AB41C89-B932-4588-BB3C-2110362C7107}"
EndProject
Project("{9A19103F-16F7-4668-BE54-9A1E7A4F7556}") = "ProgrammersBlog.Entities", "ProgrammersBlog.Entities\ProgrammersBlog.Entities.csproj", "{41E32E75-5CD2-45A6-BD4A-68C27D8528F3}"
EndProject
Project("{9A19103F-16F7-4668-BE54-9A1E7A4F7556}") = "ProgrammersBlog.Data", "ProgrammersBlog.Data\ProgrammersBlog.Data.csproj", "{F71818EC-8AC1-4B5A-954C-0144054207D6}"
EndProject
Project("{9A19103F-16F7-4668-BE54-9A1E7A4F7556}") = "ProgrammersBlog.Sevices", "ProgrammersBlog.Sevices\ProgrammersBlog.Sevices.csproj", "{C1B49F05-6D79-4C14-AE59-6496B4AA96B8}"
EndProject
Project("{9A19103F-16F7-4668-BE54-9A1E7A4F7556}") = "ProgrammersBlog.MVC", "ProgrammersBlog.MVC\ProgrammersBlog.MVC.csproj", "{6CEAD5EF-88D9-469A-A360-59440AA9187E}"
EndProject
Global
	GlobalSection(SolutionConfigurationPlatforms) = preSolution
		Debug|Any CPU = Debug|Any CPU
		Release|Any CPU = Release|Any CPU
	EndGlobalSection
	GlobalSection(ProjectConfigurationPlatforms) = postSolution
		{9AB41C89-B932-4588-BB3C-2110362C7107}.Debug|Any CPU.ActiveCfg = Debug|Any CPU
		{9AB41C89-B932-4588-BB3C-2110362C7107}.Debug|Any CPU.Build.0 = Debug|Any CPU
		{9AB41C89-B932-4588-BB3C-2110362C7107}.Release|Any CPU.ActiveCfg = Release|Any CPU
		{9AB41C89-B932-4588-BB3C-2110362C7107}.Release|Any CPU.Build.0 = Release|Any CPU
		{41E32E75-5CD2-45A6-BD4A-68C27D8528F3}.Debug|Any CPU.ActiveCfg = Debug|Any CPU
		{41E32E75-5CD2-45A6-BD4A-68C27D8528F3}.Debug|Any CPU.Build.0 = Debug|Any CPU
		{41E32E75-5CD2-45A6-BD4A-68C27D8528F3}.Release|Any CPU.ActiveCfg = Release|Any CPU
		{41E32E75-5CD2-45A6-BD4A-68C27D8528F3}.Release|Any CPU.Build.0 = Release|Any CPU
		{F71818EC-8AC1-4B5A-954C-0144054207D6}.Debug|Any CPU.ActiveCfg = Debug|Any CPU
		{F71818EC-8AC1-4B5A-954C-0144054207D6}.Debug|Any CPU.Build.0 = Debug|Any CPU
		{F71818EC-8AC1-4B5A-954C-0144054207D6}.Release|Any CPU.ActiveCfg = Release|Any CPU
		{F71818EC-8AC1-4B5A-954C-0144054207D6}.Release|Any CPU.Build.0 = Release|Any CPU
		{C1B49F05-6D79-4C14-AE59-6496B4AA96B8}.Debug|Any CPU.ActiveCfg = Debug|Any CPU
		{C1B49F05-6D79-4C14-AE59-6496B4AA96B8}.Debug|Any CPU.Build.0 = Debug|Any CPU
		{C1B49F05-6D79-4C14-AE59-6496B4AA96B8}.Release|Any CPU.ActiveCfg = Release|Any CPU
		{C1B49F05-6D79-4C14-AE59-6496B4AA96B8}.Release|Any CPU.Build.0 = Release|Any CPU
		{6CEAD5EF-88D9-469A-A360-59440AA9187E}.Debug|Any CPU.ActiveCfg = Debug|Any CPU
		{6CEAD5EF-88D9-469A-A360-59440AA9187E}.Debug|Any CPU.Build.0 = Debug|Any CPU
		{6CEAD5EF-88D9-469A-A360-59440AA9187E}.Release|Any CPU.ActiveCfg = Release|Any CPU
		{6CEAD5EF-88D9-469A-A360-59440AA9187E}.Release|Any CPU.Build.0 = Release|Any CPU
	EndGlobalSection
	GlobalSection(SolutionProperties) = preSolution
		HideSolutionNode = FALSE
	EndGlobalSection
	GlobalSection(ExtensibilityGlobals) = postSolution
		SolutionGuid = {5C16308F-4DAD-4D11-B42A-5AEE9984A707}
	EndGlobalSection
EndGlobal
